{
  "name": "@connibug/js-logging",
  "version": "1.1.6",
  "lockfileVersion": 2,
  "requires": true,
  "packages": {
    "": {
      "name": "@connibug/js-logging",
      "version": "1.1.6",
      "license": "MIT",
      "dependencies": {
        "caller-id": "^0.1.0",
        "colors": "^1.4.0",
        "colours": "^0.6.0-2",
        "node-cron": "^3.0.0",
        "nodemailer": "^6.6.2",
        "strip-color": "^0.1.0"
      }
    },
    "node_modules/caller-id": {
      "version": "0.1.0",
      "resolved": "https://registry.npmjs.org/caller-id/-/caller-id-0.1.0.tgz",
      "integrity": "sha1-Wb2sCJPRLDhxQIJ5Ix+XRYNk8Hs=",
      "dependencies": {
        "stack-trace": "~0.0.7"
      },
      "engines": {
        "node": ">=0.8"
      }
    },
    "node_modules/colors": {
      "version": "1.4.0",
      "resolved": "https://registry.npmjs.org/colors/-/colors-1.4.0.tgz",
      "integrity": "sha512-a+UqTh4kgZg/SlGvfbzDHpgRu7AAQOmmqRHJnxhRZICKFUT91brVhNNt58CMWU9PsBbv3PDCZUHbVxuDiH2mtA==",
      "engines": {
        "node": ">=0.1.90"
      }
    },
    "node_modules/colours": {
      "version": "0.6.0-2",
      "resolved": "https://registry.npmjs.org/colours/-/colours-0.6.0-2.tgz",
      "integrity": "sha1-ng7hLzS35foMATZfQE6u4jvZK4g=",
      "engines": {
        "node": ">=0.1.90"
      }
    },
    "node_modules/moment": {
      "version": "2.29.1",
      "resolved": "https://registry.npmjs.org/moment/-/moment-2.29.1.tgz",
      "integrity": "sha512-kHmoybcPV8Sqy59DwNDY3Jefr64lK/by/da0ViFcuA4DH0vQg5Q6Ze5VimxkfQNSC+Mls/Kx53s7TjP1RhFEDQ==",
      "engines": {
        "node": "*"
      }
    },
    "node_modules/moment-timezone": {
      "version": "0.5.34",
      "resolved": "https://registry.npmjs.org/moment-timezone/-/moment-timezone-0.5.34.tgz",
      "integrity": "sha512-3zAEHh2hKUs3EXLESx/wsgw6IQdusOT8Bxm3D9UrHPQR7zlMmzwybC8zHEM1tQ4LJwP7fcxrWr8tuBg05fFCbg==",
      "dependencies": {
        "moment": ">= 2.9.0"
      },
      "engines": {
        "node": "*"
      }
    },
    "node_modules/node-cron": {
      "version": "3.0.0",
      "resolved": "https://registry.npmjs.org/node-cron/-/node-cron-3.0.0.tgz",
      "integrity": "sha512-DDwIvvuCwrNiaU7HEivFDULcaQualDv7KoNlB/UU1wPW0n1tDEmBJKhEIE6DlF2FuoOHcNbLJ8ITL2Iv/3AWmA==",
      "dependencies": {
        "moment-timezone": "^0.5.31"
      },
      "engines": {
        "node": ">=6.0.0"
      }
    },
    "node_modules/nodemailer": {
      "version": "6.6.3",
      "resolved": "https://registry.npmjs.org/nodemailer/-/nodemailer-6.6.3.tgz",
      "integrity": "sha512-faZFufgTMrphYoDjvyVpbpJcYzwyFnbAMmQtj1lVBYAUSm3SOy2fIdd9+Mr4UxPosBa0JRw9bJoIwQn+nswiew==",
      "engines": {
        "node": ">=6.0.0"
      }
    },
    "node_modules/stack-trace": {
      "version": "0.0.10",
      "resolved": "https://registry.npmjs.org/stack-trace/-/stack-trace-0.0.10.tgz",
      "integrity": "sha1-VHxws0fo0ytOEI6hoqFZ5f3eGcA=",
      "engines": {
        "node": "*"
      }
    },
    "node_modules/strip-color": {
      "version": "0.1.0",
      "resolved": "https://registry.npmjs.org/strip-color/-/strip-color-0.1.0.tgz",
      "integrity": "sha1-EG9l09PmotlAHKwOsM6LinArT3s=",
      "engines": {
        "node": ">=0.10.0"
      }
    }
  },
  "dependencies": {
    "caller-id": {
      "version": "0.1.0",
      "resolved": "https://registry.npmjs.org/caller-id/-/caller-id-0.1.0.tgz",
      "integrity": "sha1-Wb2sCJPRLDhxQIJ5Ix+XRYNk8Hs=",
      "requires": {
        "stack-trace": "~0.0.7"
      }
    },
    "colors": {
      "version": "1.4.0",
      "resolved": "https://registry.npmjs.org/colors/-/colors-1.4.0.tgz",
      "integrity": "sha512-a+UqTh4kgZg/SlGvfbzDHpgRu7AAQOmmqRHJnxhRZICKFUT91brVhNNt58CMWU9PsBbv3PDCZUHbVxuDiH2mtA=="
    },
    "colours": {
      "version": "0.6.0-2",
      "resolved": "https://registry.npmjs.org/colours/-/colours-0.6.0-2.tgz",
      "integrity": "sha1-ng7hLzS35foMATZfQE6u4jvZK4g="
    },
    "moment": {
      "version": "2.29.1",
      "resolved": "https://registry.npmjs.org/moment/-/moment-2.29.1.tgz",
      "integrity": "sha512-kHmoybcPV8Sqy59DwNDY3Jefr64lK/by/da0ViFcuA4DH0vQg5Q6Ze5VimxkfQNSC+Mls/Kx53s7TjP1RhFEDQ=="
    },
    "moment-timezone": {
      "version": "0.5.34",
      "resolved": "https://registry.npmjs.org/moment-timezone/-/moment-timezone-0.5.34.tgz",
      "integrity": "sha512-3zAEHh2hKUs3EXLESx/wsgw6IQdusOT8Bxm3D9UrHPQR7zlMmzwybC8zHEM1tQ4LJwP7fcxrWr8tuBg05fFCbg==",
      "requires": {
        "moment": ">= 2.9.0"
      }
    },
    "node-cron": {
      "version": "3.0.0",
      "resolved": "https://registry.npmjs.org/node-cron/-/node-cron-3.0.0.tgz",
      "integrity": "sha512-DDwIvvuCwrNiaU7HEivFDULcaQualDv7KoNlB/UU1wPW0n1tDEmBJKhEIE6DlF2FuoOHcNbLJ8ITL2Iv/3AWmA==",
      "requires": {
        "moment-timezone": "^0.5.31"
      }
    },
    "nodemailer": {
      "version": "6.6.3",
      "resolved": "https://registry.npmjs.org/nodemailer/-/nodemailer-6.6.3.tgz",
      "integrity": "sha512-faZFufgTMrphYoDjvyVpbpJcYzwyFnbAMmQtj1lVBYAUSm3SOy2fIdd9+Mr4UxPosBa0JRw9bJoIwQn+nswiew=="
    },
    "stack-trace": {
      "version": "0.0.10",
      "resolved": "https://registry.npmjs.org/stack-trace/-/stack-trace-0.0.10.tgz",
      "integrity": "sha1-VHxws0fo0ytOEI6hoqFZ5f3eGcA="
    },
    "strip-color": {
      "version": "0.1.0",
      "resolved": "https://registry.npmjs.org/strip-color/-/strip-color-0.1.0.tgz",
      "integrity": "sha1-EG9l09PmotlAHKwOsM6LinArT3s="
    }
  }
}
